// !$*UTF8*$!
{
	archiveVersion = 1;
	classes = {
	};
	objectVersion = 51;
	objects = {

/* Begin PBXBuildFile section */
		2098225525B3079E008E977F /* AppSettings.swift in Sources */ = {isa = PBXBuildFile; fileRef = 2098225425B3079E008E977F /* AppSettings.swift */; };
		A9E16FD76B936BD411F2219E /* Pods_ParkingControl_ParkingControlUITests.framework in Frameworks */ = {isa = PBXBuildFile; fileRef = FB107E836507A609F6AE8203 /* Pods_ParkingControl_ParkingControlUITests.framework */; };
		B2D813D8711E2B41E2E2C86D /* Pods_ParkingControlTests.framework in Frameworks */ = {isa = PBXBuildFile; fileRef = 494EE4F336F7FBA54207CB61 /* Pods_ParkingControlTests.framework */; };
		B80A27F225862D8C00F11206 /* RequestsListViewController.swift in Sources */ = {isa = PBXBuildFile; fileRef = B80A27F125862D8C00F11206 /* RequestsListViewController.swift */; };
		B80A27FB2586344600F11206 /* RequestListCell.swift in Sources */ = {isa = PBXBuildFile; fileRef = B80A27FA2586344600F11206 /* RequestListCell.swift */; };
		B81556B225B23B4B00029ED0 /* VehicleEntry+CoreDataClass.swift in Sources */ = {isa = PBXBuildFile; fileRef = B81556AE25B23B4B00029ED0 /* VehicleEntry+CoreDataClass.swift */; };
		B81556B325B23B4B00029ED0 /* VehicleEntry+CoreDataProperties.swift in Sources */ = {isa = PBXBuildFile; fileRef = B81556AF25B23B4B00029ED0 /* VehicleEntry+CoreDataProperties.swift */; };
		B81556B425B23B4B00029ED0 /* VehicleEntryImage+CoreDataClass.swift in Sources */ = {isa = PBXBuildFile; fileRef = B81556B025B23B4B00029ED0 /* VehicleEntryImage+CoreDataClass.swift */; };
		B81556B525B23B4B00029ED0 /* VehicleEntryImage+CoreDataProperties.swift in Sources */ = {isa = PBXBuildFile; fileRef = B81556B125B23B4B00029ED0 /* VehicleEntryImage+CoreDataProperties.swift */; };
		B82BF8D22581189300E546E3 /* VehicleEntryCollectionViewCell.swift in Sources */ = {isa = PBXBuildFile; fileRef = B82BF8D12581189300E546E3 /* VehicleEntryCollectionViewCell.swift */; };
		B8432D9B25792FD8008E8518 /* VehicleEntryPhotoViewTableViewCell.swift in Sources */ = {isa = PBXBuildFile; fileRef = B8432D9A25792FD8008E8518 /* VehicleEntryPhotoViewTableViewCell.swift */; };
		B851112125923B47006C4506 /* PersistentStore.swift in Sources */ = {isa = PBXBuildFile; fileRef = B851112025923B47006C4506 /* PersistentStore.swift */; };
		B85231E925AF38EE009E9CBE /* DateFormatter.swift in Sources */ = {isa = PBXBuildFile; fileRef = B85231E825AF38EE009E9CBE /* DateFormatter.swift */; };
		B85231EE25B03EF1009E9CBE /* CarInfoStore.swift in Sources */ = {isa = PBXBuildFile; fileRef = B85231ED25B03EF1009E9CBE /* CarInfoStore.swift */; };
		B867CCE025AC7C5A00FB3396 /* VehicleEntryMapViewTableViewCell.swift in Sources */ = {isa = PBXBuildFile; fileRef = B867CCDF25AC7C5A00FB3396 /* VehicleEntryMapViewTableViewCell.swift */; };
		B88D271025B5CF960088A6FC /* AuthorizationManager.swift in Sources */ = {isa = PBXBuildFile; fileRef = B88D270F25B5CF960088A6FC /* AuthorizationManager.swift */; };
		B8996977259A45D4009108A6 /* UIViewController+Extensions.swift in Sources */ = {isa = PBXBuildFile; fileRef = B8996976259A45D4009108A6 /* UIViewController+Extensions.swift */; };
		B8B53F5D257795F9008FD4E3 /* PickerView.swift in Sources */ = {isa = PBXBuildFile; fileRef = B8B53F5C257795F9008FD4E3 /* PickerView.swift */; };
		B8DCD5E0257551590003B4D6 /* AppDelegate.swift in Sources */ = {isa = PBXBuildFile; fileRef = B8DCD5DF257551590003B4D6 /* AppDelegate.swift */; };
		B8DCD5E2257551590003B4D6 /* SceneDelegate.swift in Sources */ = {isa = PBXBuildFile; fileRef = B8DCD5E1257551590003B4D6 /* SceneDelegate.swift */; };
		B8DCD5E7257551590003B4D6 /* Main.storyboard in Resources */ = {isa = PBXBuildFile; fileRef = B8DCD5E5257551590003B4D6 /* Main.storyboard */; };
		B8DCD5EA257551590003B4D6 /* ParkingControl.xcdatamodeld in Sources */ = {isa = PBXBuildFile; fileRef = B8DCD5E8257551590003B4D6 /* ParkingControl.xcdatamodeld */; };
		B8DCD5EC2575515B0003B4D6 /* Assets.xcassets in Resources */ = {isa = PBXBuildFile; fileRef = B8DCD5EB2575515B0003B4D6 /* Assets.xcassets */; };
		B8DCD5EF2575515B0003B4D6 /* LaunchScreen.storyboard in Resources */ = {isa = PBXBuildFile; fileRef = B8DCD5ED2575515B0003B4D6 /* LaunchScreen.storyboard */; };
		B8DCD5FA2575515C0003B4D6 /* ParkingControlTests.swift in Sources */ = {isa = PBXBuildFile; fileRef = B8DCD5F92575515C0003B4D6 /* ParkingControlTests.swift */; };
		B8DCD6052575515C0003B4D6 /* ParkingControlUITests.swift in Sources */ = {isa = PBXBuildFile; fileRef = B8DCD6042575515C0003B4D6 /* ParkingControlUITests.swift */; };
		B8DCD62125757FF50003B4D6 /* VehicleEntryViewController.swift in Sources */ = {isa = PBXBuildFile; fileRef = B8DCD62025757FF50003B4D6 /* VehicleEntryViewController.swift */; };
		B8FAFCD52583A56D005480C8 /* LoginViewController.swift in Sources */ = {isa = PBXBuildFile; fileRef = B8FAFCD42583A56D005480C8 /* LoginViewController.swift */; };
		B8FAFCDA2583A62E005480C8 /* Switcher.swift in Sources */ = {isa = PBXBuildFile; fileRef = B8FAFCD92583A62E005480C8 /* Switcher.swift */; };
		B8FAFCEC2583ADC1005480C8 /* SettingsTableViewController.swift in Sources */ = {isa = PBXBuildFile; fileRef = B8FAFCEB2583ADC1005480C8 /* SettingsTableViewController.swift */; };
		B8FAFCF12583B169005480C8 /* TabBarViewController.swift in Sources */ = {isa = PBXBuildFile; fileRef = B8FAFCF02583B169005480C8 /* TabBarViewController.swift */; };
		FE9B2B69AD515DB4998D187C /* Pods_ParkingControl.framework in Frameworks */ = {isa = PBXBuildFile; fileRef = FC7199AF499E7B251C0057EB /* Pods_ParkingControl.framework */; };
/* End PBXBuildFile section */

/* Begin PBXContainerItemProxy section */
		B8DCD5F62575515C0003B4D6 /* PBXContainerItemProxy */ = {
			isa = PBXContainerItemProxy;
			containerPortal = B8DCD5D4257551590003B4D6 /* Project object */;
			proxyType = 1;
			remoteGlobalIDString = B8DCD5DB257551590003B4D6;
			remoteInfo = ParkingControl;
		};
		B8DCD6012575515C0003B4D6 /* PBXContainerItemProxy */ = {
			isa = PBXContainerItemProxy;
			containerPortal = B8DCD5D4257551590003B4D6 /* Project object */;
			proxyType = 1;
			remoteGlobalIDString = B8DCD5DB257551590003B4D6;
			remoteInfo = ParkingControl;
		};
/* End PBXContainerItemProxy section */

/* Begin PBXFileReference section */
		2098225425B3079E008E977F /* AppSettings.swift */ = {isa = PBXFileReference; lastKnownFileType = sourcecode.swift; path = AppSettings.swift; sourceTree = "<group>"; };
		494EE4F336F7FBA54207CB61 /* Pods_ParkingControlTests.framework */ = {isa = PBXFileReference; explicitFileType = wrapper.framework; includeInIndex = 0; path = Pods_ParkingControlTests.framework; sourceTree = BUILT_PRODUCTS_DIR; };
		4D9DDA2A59135AF56C8970A8 /* Pods-ParkingControl.debug.xcconfig */ = {isa = PBXFileReference; includeInIndex = 1; lastKnownFileType = text.xcconfig; name = "Pods-ParkingControl.debug.xcconfig"; path = "Target Support Files/Pods-ParkingControl/Pods-ParkingControl.debug.xcconfig"; sourceTree = "<group>"; };
		727CE33363294641E77BF44B /* Pods-ParkingControl-ParkingControlUITests.debug.xcconfig */ = {isa = PBXFileReference; includeInIndex = 1; lastKnownFileType = text.xcconfig; name = "Pods-ParkingControl-ParkingControlUITests.debug.xcconfig"; path = "Target Support Files/Pods-ParkingControl-ParkingControlUITests/Pods-ParkingControl-ParkingControlUITests.debug.xcconfig"; sourceTree = "<group>"; };
		96846409AD6A63E45541340E /* Pods-ParkingControlTests.release.xcconfig */ = {isa = PBXFileReference; includeInIndex = 1; lastKnownFileType = text.xcconfig; name = "Pods-ParkingControlTests.release.xcconfig"; path = "Target Support Files/Pods-ParkingControlTests/Pods-ParkingControlTests.release.xcconfig"; sourceTree = "<group>"; };
		B80A27F125862D8C00F11206 /* RequestsListViewController.swift */ = {isa = PBXFileReference; lastKnownFileType = sourcecode.swift; path = RequestsListViewController.swift; sourceTree = "<group>"; };
		B80A27FA2586344600F11206 /* RequestListCell.swift */ = {isa = PBXFileReference; lastKnownFileType = sourcecode.swift; path = RequestListCell.swift; sourceTree = "<group>"; };
		B81556AE25B23B4B00029ED0 /* VehicleEntry+CoreDataClass.swift */ = {isa = PBXFileReference; lastKnownFileType = sourcecode.swift; path = "VehicleEntry+CoreDataClass.swift"; sourceTree = "<group>"; };
		B81556AF25B23B4B00029ED0 /* VehicleEntry+CoreDataProperties.swift */ = {isa = PBXFileReference; lastKnownFileType = sourcecode.swift; path = "VehicleEntry+CoreDataProperties.swift"; sourceTree = "<group>"; };
		B81556B025B23B4B00029ED0 /* VehicleEntryImage+CoreDataClass.swift */ = {isa = PBXFileReference; lastKnownFileType = sourcecode.swift; path = "VehicleEntryImage+CoreDataClass.swift"; sourceTree = "<group>"; };
		B81556B125B23B4B00029ED0 /* VehicleEntryImage+CoreDataProperties.swift */ = {isa = PBXFileReference; lastKnownFileType = sourcecode.swift; path = "VehicleEntryImage+CoreDataProperties.swift"; sourceTree = "<group>"; };
		B8163B2125B9C02600B2D3D8 /* AMPopTip.framework */ = {isa = PBXFileReference; explicitFileType = wrapper.framework; path = AMPopTip.framework; sourceTree = BUILT_PRODUCTS_DIR; };
		B82BF8D12581189300E546E3 /* VehicleEntryCollectionViewCell.swift */ = {isa = PBXFileReference; lastKnownFileType = sourcecode.swift; path = VehicleEntryCollectionViewCell.swift; sourceTree = "<group>"; };
		B8432D9A25792FD8008E8518 /* VehicleEntryPhotoViewTableViewCell.swift */ = {isa = PBXFileReference; lastKnownFileType = sourcecode.swift; path = VehicleEntryPhotoViewTableViewCell.swift; sourceTree = "<group>"; };
		B851112025923B47006C4506 /* PersistentStore.swift */ = {isa = PBXFileReference; lastKnownFileType = sourcecode.swift; path = PersistentStore.swift; sourceTree = "<group>"; };
		B85231E825AF38EE009E9CBE /* DateFormatter.swift */ = {isa = PBXFileReference; lastKnownFileType = sourcecode.swift; path = DateFormatter.swift; sourceTree = "<group>"; };
		B85231ED25B03EF1009E9CBE /* CarInfoStore.swift */ = {isa = PBXFileReference; lastKnownFileType = sourcecode.swift; path = CarInfoStore.swift; sourceTree = "<group>"; };
		B867CCDF25AC7C5A00FB3396 /* VehicleEntryMapViewTableViewCell.swift */ = {isa = PBXFileReference; lastKnownFileType = sourcecode.swift; name = VehicleEntryMapViewTableViewCell.swift; path = ParkingControl/Screens/VehicleEntry/Cells/VehicleEntryMapViewTableViewCell.swift; sourceTree = SOURCE_ROOT; };
		B88D270F25B5CF960088A6FC /* AuthorizationManager.swift */ = {isa = PBXFileReference; lastKnownFileType = sourcecode.swift; path = AuthorizationManager.swift; sourceTree = "<group>"; };
		B8996976259A45D4009108A6 /* UIViewController+Extensions.swift */ = {isa = PBXFileReference; lastKnownFileType = sourcecode.swift; path = "UIViewController+Extensions.swift"; sourceTree = "<group>"; };
		B8B53F5C257795F9008FD4E3 /* PickerView.swift */ = {isa = PBXFileReference; lastKnownFileType = sourcecode.swift; path = PickerView.swift; sourceTree = "<group>"; };
		B8DCD5DC257551590003B4D6 /* ParkingControl.app */ = {isa = PBXFileReference; explicitFileType = wrapper.application; includeInIndex = 0; path = ParkingControl.app; sourceTree = BUILT_PRODUCTS_DIR; };
		B8DCD5DF257551590003B4D6 /* AppDelegate.swift */ = {isa = PBXFileReference; lastKnownFileType = sourcecode.swift; path = AppDelegate.swift; sourceTree = "<group>"; };
		B8DCD5E1257551590003B4D6 /* SceneDelegate.swift */ = {isa = PBXFileReference; lastKnownFileType = sourcecode.swift; path = SceneDelegate.swift; sourceTree = "<group>"; };
		B8DCD5E6257551590003B4D6 /* Base */ = {isa = PBXFileReference; lastKnownFileType = file.storyboard; name = Base; path = Base.lproj/Main.storyboard; sourceTree = "<group>"; };
		B8DCD5E9257551590003B4D6 /* ParkingControl.xcdatamodel */ = {isa = PBXFileReference; lastKnownFileType = wrapper.xcdatamodel; path = ParkingControl.xcdatamodel; sourceTree = "<group>"; };
		B8DCD5EB2575515B0003B4D6 /* Assets.xcassets */ = {isa = PBXFileReference; lastKnownFileType = folder.assetcatalog; path = Assets.xcassets; sourceTree = "<group>"; };
		B8DCD5EE2575515B0003B4D6 /* Base */ = {isa = PBXFileReference; lastKnownFileType = file.storyboard; name = Base; path = Base.lproj/LaunchScreen.storyboard; sourceTree = "<group>"; };
		B8DCD5F02575515B0003B4D6 /* Info.plist */ = {isa = PBXFileReference; lastKnownFileType = text.plist.xml; path = Info.plist; sourceTree = "<group>"; };
		B8DCD5F52575515C0003B4D6 /* ParkingControlTests.xctest */ = {isa = PBXFileReference; explicitFileType = wrapper.cfbundle; includeInIndex = 0; path = ParkingControlTests.xctest; sourceTree = BUILT_PRODUCTS_DIR; };
		B8DCD5F92575515C0003B4D6 /* ParkingControlTests.swift */ = {isa = PBXFileReference; lastKnownFileType = sourcecode.swift; path = ParkingControlTests.swift; sourceTree = "<group>"; };
		B8DCD5FB2575515C0003B4D6 /* Info.plist */ = {isa = PBXFileReference; lastKnownFileType = text.plist.xml; path = Info.plist; sourceTree = "<group>"; };
		B8DCD6002575515C0003B4D6 /* ParkingControlUITests.xctest */ = {isa = PBXFileReference; explicitFileType = wrapper.cfbundle; includeInIndex = 0; path = ParkingControlUITests.xctest; sourceTree = BUILT_PRODUCTS_DIR; };
		B8DCD6042575515C0003B4D6 /* ParkingControlUITests.swift */ = {isa = PBXFileReference; lastKnownFileType = sourcecode.swift; path = ParkingControlUITests.swift; sourceTree = "<group>"; };
		B8DCD6062575515C0003B4D6 /* Info.plist */ = {isa = PBXFileReference; lastKnownFileType = text.plist.xml; path = Info.plist; sourceTree = "<group>"; };
		B8DCD62025757FF50003B4D6 /* VehicleEntryViewController.swift */ = {isa = PBXFileReference; lastKnownFileType = sourcecode.swift; path = VehicleEntryViewController.swift; sourceTree = "<group>"; };
		B8FAFCD42583A56D005480C8 /* LoginViewController.swift */ = {isa = PBXFileReference; fileEncoding = 4; lastKnownFileType = sourcecode.swift; path = LoginViewController.swift; sourceTree = "<group>"; };
		B8FAFCD92583A62E005480C8 /* Switcher.swift */ = {isa = PBXFileReference; lastKnownFileType = sourcecode.swift; path = Switcher.swift; sourceTree = "<group>"; };
		B8FAFCEB2583ADC1005480C8 /* SettingsTableViewController.swift */ = {isa = PBXFileReference; fileEncoding = 4; lastKnownFileType = sourcecode.swift; path = SettingsTableViewController.swift; sourceTree = "<group>"; };
		B8FAFCF02583B169005480C8 /* TabBarViewController.swift */ = {isa = PBXFileReference; lastKnownFileType = sourcecode.swift; path = TabBarViewController.swift; sourceTree = "<group>"; };
		DB0CF7C3FE90C7B7DAE288C0 /* Pods-ParkingControlTests.debug.xcconfig */ = {isa = PBXFileReference; includeInIndex = 1; lastKnownFileType = text.xcconfig; name = "Pods-ParkingControlTests.debug.xcconfig"; path = "Target Support Files/Pods-ParkingControlTests/Pods-ParkingControlTests.debug.xcconfig"; sourceTree = "<group>"; };
		DDBF32FDE0F32399CF08EFE5 /* Pods-ParkingControl-ParkingControlUITests.release.xcconfig */ = {isa = PBXFileReference; includeInIndex = 1; lastKnownFileType = text.xcconfig; name = "Pods-ParkingControl-ParkingControlUITests.release.xcconfig"; path = "Target Support Files/Pods-ParkingControl-ParkingControlUITests/Pods-ParkingControl-ParkingControlUITests.release.xcconfig"; sourceTree = "<group>"; };
		FB107E836507A609F6AE8203 /* Pods_ParkingControl_ParkingControlUITests.framework */ = {isa = PBXFileReference; explicitFileType = wrapper.framework; includeInIndex = 0; path = Pods_ParkingControl_ParkingControlUITests.framework; sourceTree = BUILT_PRODUCTS_DIR; };
		FC7199AF499E7B251C0057EB /* Pods_ParkingControl.framework */ = {isa = PBXFileReference; explicitFileType = wrapper.framework; includeInIndex = 0; path = Pods_ParkingControl.framework; sourceTree = BUILT_PRODUCTS_DIR; };
		FC8FE818CB3B44CFF019F1F2 /* Pods-ParkingControl.release.xcconfig */ = {isa = PBXFileReference; includeInIndex = 1; lastKnownFileType = text.xcconfig; name = "Pods-ParkingControl.release.xcconfig"; path = "Target Support Files/Pods-ParkingControl/Pods-ParkingControl.release.xcconfig"; sourceTree = "<group>"; };
/* End PBXFileReference section */

/* Begin PBXFrameworksBuildPhase section */
		B8DCD5D9257551590003B4D6 /* Frameworks */ = {
			isa = PBXFrameworksBuildPhase;
			buildActionMask = 2147483647;
			files = (
				FE9B2B69AD515DB4998D187C /* Pods_ParkingControl.framework in Frameworks */,
			);
			runOnlyForDeploymentPostprocessing = 0;
		};
		B8DCD5F22575515C0003B4D6 /* Frameworks */ = {
			isa = PBXFrameworksBuildPhase;
			buildActionMask = 2147483647;
			files = (
				B2D813D8711E2B41E2E2C86D /* Pods_ParkingControlTests.framework in Frameworks */,
			);
			runOnlyForDeploymentPostprocessing = 0;
		};
		B8DCD5FD2575515C0003B4D6 /* Frameworks */ = {
			isa = PBXFrameworksBuildPhase;
			buildActionMask = 2147483647;
			files = (
				A9E16FD76B936BD411F2219E /* Pods_ParkingControl_ParkingControlUITests.framework in Frameworks */,
			);
			runOnlyForDeploymentPostprocessing = 0;
		};
/* End PBXFrameworksBuildPhase section */

/* Begin PBXGroup section */
		2098225325B30793008E977F /* Enums */ = {
			isa = PBXGroup;
			children = (
				2098225425B3079E008E977F /* AppSettings.swift */,
			);
			path = Enums;
			sourceTree = "<group>";
		};
		20AEE9932599D3500053041C /* Services */ = {
			isa = PBXGroup;
			children = (
				B8FAFCD92583A62E005480C8 /* Switcher.swift */,
				B851112025923B47006C4506 /* PersistentStore.swift */,
			);
			path = Services;
			sourceTree = "<group>";
		};
		20AEE9972599D4EA0053041C /* Base */ = {
			isa = PBXGroup;
			children = (
				20AEE9982599D4EF0053041C /* Controllers */,
			);
			path = Base;
			sourceTree = "<group>";
		};
		20AEE9982599D4EF0053041C /* Controllers */ = {
			isa = PBXGroup;
			children = (
				B8FAFCF02583B169005480C8 /* TabBarViewController.swift */,
			);
			path = Controllers;
			sourceTree = "<group>";
		};
		20AEE99C2599D4FE0053041C /* Authorization */ = {
			isa = PBXGroup;
			children = (
				B88D270E25B5CF820088A6FC /* Manager */,
				20AEE99D2599D50A0053041C /* Controllers */,
			);
			path = Authorization;
			sourceTree = "<group>";
		};
		20AEE99D2599D50A0053041C /* Controllers */ = {
			isa = PBXGroup;
			children = (
				B8FAFCD42583A56D005480C8 /* LoginViewController.swift */,
			);
			path = Controllers;
			sourceTree = "<group>";
		};
		64EBE40E523C586EE3700CAD /* Pods */ = {
			isa = PBXGroup;
			children = (
				4D9DDA2A59135AF56C8970A8 /* Pods-ParkingControl.debug.xcconfig */,
				FC8FE818CB3B44CFF019F1F2 /* Pods-ParkingControl.release.xcconfig */,
				727CE33363294641E77BF44B /* Pods-ParkingControl-ParkingControlUITests.debug.xcconfig */,
				DDBF32FDE0F32399CF08EFE5 /* Pods-ParkingControl-ParkingControlUITests.release.xcconfig */,
				DB0CF7C3FE90C7B7DAE288C0 /* Pods-ParkingControlTests.debug.xcconfig */,
				96846409AD6A63E45541340E /* Pods-ParkingControlTests.release.xcconfig */,
			);
			path = Pods;
			sourceTree = "<group>";
		};
		B807AEBB25A4AC1400C035D5 /* Cells */ = {
			isa = PBXGroup;
			children = (
				B80A27FA2586344600F11206 /* RequestListCell.swift */,
			);
			path = Cells;
			sourceTree = "<group>";
		};
		B807AEBC25A4AC1E00C035D5 /* Controllers */ = {
			isa = PBXGroup;
			children = (
				B80A27F125862D8C00F11206 /* RequestsListViewController.swift */,
			);
			path = Controllers;
			sourceTree = "<group>";
		};
		B80A27F92586341000F11206 /* RequestList */ = {
			isa = PBXGroup;
			children = (
				B807AEBB25A4AC1400C035D5 /* Cells */,
				B807AEBC25A4AC1E00C035D5 /* Controllers */,
			);
			path = RequestList;
			sourceTree = "<group>";
		};
		B85231F225B0486E009E9CBE /* InfoStore */ = {
			isa = PBXGroup;
			children = (
				B85231ED25B03EF1009E9CBE /* CarInfoStore.swift */,
			);
			path = InfoStore;
			sourceTree = "<group>";
		};
		B88D270E25B5CF820088A6FC /* Manager */ = {
			isa = PBXGroup;
			children = (
				B88D270F25B5CF960088A6FC /* AuthorizationManager.swift */,
			);
			path = Manager;
			sourceTree = "<group>";
		};
		B8996975259A457D009108A6 /* Extensions */ = {
			isa = PBXGroup;
			children = (
				B8996976259A45D4009108A6 /* UIViewController+Extensions.swift */,
				B85231E825AF38EE009E9CBE /* DateFormatter.swift */,
			);
			path = Extensions;
			sourceTree = "<group>";
		};
		B8DCD5D3257551590003B4D6 = {
			isa = PBXGroup;
			children = (
				B8DCD5DE257551590003B4D6 /* ParkingControl */,
				B8DCD5F82575515C0003B4D6 /* ParkingControlTests */,
				B8DCD6032575515C0003B4D6 /* ParkingControlUITests */,
				B8DCD5DD257551590003B4D6 /* Products */,
				64EBE40E523C586EE3700CAD /* Pods */,
				D03B91ACBA743A478E18A6F6 /* Frameworks */,
			);
			sourceTree = "<group>";
		};
		B8DCD5DD257551590003B4D6 /* Products */ = {
			isa = PBXGroup;
			children = (
				B8DCD5DC257551590003B4D6 /* ParkingControl.app */,
				B8DCD5F52575515C0003B4D6 /* ParkingControlTests.xctest */,
				B8DCD6002575515C0003B4D6 /* ParkingControlUITests.xctest */,
			);
			name = Products;
			sourceTree = "<group>";
		};
		B8DCD5DE257551590003B4D6 /* ParkingControl */ = {
			isa = PBXGroup;
			children = (
				B8E0975A257A627500A380D9 /* Application */,
				B8E09765257A63D000A380D9 /* Entities */,
				B8E09764257A639100A380D9 /* Resources */,
				B8E0975C257A632A00A380D9 /* Screens */,
				B8E0975B257A628F00A380D9 /* Storyboards */,
			);
			path = ParkingControl;
			sourceTree = "<group>";
		};
		B8DCD5F82575515C0003B4D6 /* ParkingControlTests */ = {
			isa = PBXGroup;
			children = (
				B8DCD5F92575515C0003B4D6 /* ParkingControlTests.swift */,
				B8DCD5FB2575515C0003B4D6 /* Info.plist */,
			);
			path = ParkingControlTests;
			sourceTree = "<group>";
		};
		B8DCD6032575515C0003B4D6 /* ParkingControlUITests */ = {
			isa = PBXGroup;
			children = (
				B8DCD6042575515C0003B4D6 /* ParkingControlUITests.swift */,
				B8DCD6062575515C0003B4D6 /* Info.plist */,
			);
			path = ParkingControlUITests;
			sourceTree = "<group>";
		};
		B8E0975A257A627500A380D9 /* Application */ = {
			isa = PBXGroup;
			children = (
				B8DCD5DF257551590003B4D6 /* AppDelegate.swift */,
				B8DCD5E1257551590003B4D6 /* SceneDelegate.swift */,
			);
			path = Application;
			sourceTree = "<group>";
		};
		B8E0975B257A628F00A380D9 /* Storyboards */ = {
			isa = PBXGroup;
			children = (
				B8DCD5ED2575515B0003B4D6 /* LaunchScreen.storyboard */,
				B8DCD5E5257551590003B4D6 /* Main.storyboard */,
			);
			path = Storyboards;
			sourceTree = "<group>";
		};
		B8E0975C257A632A00A380D9 /* Screens */ = {
			isa = PBXGroup;
			children = (
				20AEE99C2599D4FE0053041C /* Authorization */,
				20AEE9972599D4EA0053041C /* Base */,
				B8E0975D257A633400A380D9 /* VehicleEntry */,
				B8FAFCE42583AC63005480C8 /* Settings */,
				B80A27F92586341000F11206 /* RequestList */,
			);
			path = Screens;
			sourceTree = "<group>";
		};
		B8E0975D257A633400A380D9 /* VehicleEntry */ = {
			isa = PBXGroup;
			children = (
				B8E09760257A637000A380D9 /* Cells */,
				B8E0975E257A634700A380D9 /* Controllers */,
				B8E0975F257A635300A380D9 /* Views */,
			);
			path = VehicleEntry;
			sourceTree = "<group>";
		};
		B8E0975E257A634700A380D9 /* Controllers */ = {
			isa = PBXGroup;
			children = (
				B8DCD62025757FF50003B4D6 /* VehicleEntryViewController.swift */,
			);
			path = Controllers;
			sourceTree = "<group>";
		};
		B8E0975F257A635300A380D9 /* Views */ = {
			isa = PBXGroup;
			children = (
				B8B53F5C257795F9008FD4E3 /* PickerView.swift */,
			);
			path = Views;
			sourceTree = "<group>";
		};
		B8E09760257A637000A380D9 /* Cells */ = {
			isa = PBXGroup;
			children = (
				B8432D9A25792FD8008E8518 /* VehicleEntryPhotoViewTableViewCell.swift */,
				B82BF8D12581189300E546E3 /* VehicleEntryCollectionViewCell.swift */,
				B867CCDF25AC7C5A00FB3396 /* VehicleEntryMapViewTableViewCell.swift */,
			);
			path = Cells;
			sourceTree = "<group>";
		};
		B8E09764257A639100A380D9 /* Resources */ = {
			isa = PBXGroup;
			children = (
				B8DCD5EB2575515B0003B4D6 /* Assets.xcassets */,
				B8DCD5F02575515B0003B4D6 /* Info.plist */,
			);
			path = Resources;
			sourceTree = "<group>";
		};
		B8E09765257A63D000A380D9 /* Entities */ = {
			isa = PBXGroup;
			children = (
				2098225325B30793008E977F /* Enums */,
				B8996975259A457D009108A6 /* Extensions */,
				B8E09766257A63DB00A380D9 /* Models */,
				20AEE9932599D3500053041C /* Services */,
			);
			path = Entities;
			sourceTree = "<group>";
		};
		B8E09766257A63DB00A380D9 /* Models */ = {
			isa = PBXGroup;
			children = (
				B85231F225B0486E009E9CBE /* InfoStore */,
				B8E09767257A63E700A380D9 /* CoreData */,
			);
			path = Models;
			sourceTree = "<group>";
		};
		B8E09767257A63E700A380D9 /* CoreData */ = {
			isa = PBXGroup;
			children = (
				B8DCD5E8257551590003B4D6 /* ParkingControl.xcdatamodeld */,
				B81556AE25B23B4B00029ED0 /* VehicleEntry+CoreDataClass.swift */,
				B81556AF25B23B4B00029ED0 /* VehicleEntry+CoreDataProperties.swift */,
				B81556B025B23B4B00029ED0 /* VehicleEntryImage+CoreDataClass.swift */,
				B81556B125B23B4B00029ED0 /* VehicleEntryImage+CoreDataProperties.swift */,
			);
			path = CoreData;
			sourceTree = "<group>";
		};
		B8FAFCE42583AC63005480C8 /* Settings */ = {
			isa = PBXGroup;
			children = (
				B8FAFCEB2583ADC1005480C8 /* SettingsTableViewController.swift */,
			);
			path = Settings;
			sourceTree = "<group>";
		};
		D03B91ACBA743A478E18A6F6 /* Frameworks */ = {
			isa = PBXGroup;
			children = (
				B8163B2125B9C02600B2D3D8 /* AMPopTip.framework */,
				FC7199AF499E7B251C0057EB /* Pods_ParkingControl.framework */,
				FB107E836507A609F6AE8203 /* Pods_ParkingControl_ParkingControlUITests.framework */,
				494EE4F336F7FBA54207CB61 /* Pods_ParkingControlTests.framework */,
			);
			name = Frameworks;
			sourceTree = "<group>";
		};
/* End PBXGroup section */

/* Begin PBXNativeTarget section */
		B8DCD5DB257551590003B4D6 /* ParkingControl */ = {
			isa = PBXNativeTarget;
			buildConfigurationList = B8DCD6092575515C0003B4D6 /* Build configuration list for PBXNativeTarget "ParkingControl" */;
			buildPhases = (
				59F3D73CFDECD8B4285061F8 /* [CP] Check Pods Manifest.lock */,
				B8DCD5D8257551590003B4D6 /* Sources */,
				B8DCD5D9257551590003B4D6 /* Frameworks */,
				B8DCD5DA257551590003B4D6 /* Resources */,
				39EC5976163386777390D801 /* [CP] Embed Pods Frameworks */,
			);
			buildRules = (
			);
			dependencies = (
			);
			name = ParkingControl;
			productName = ParkingControl;
			productReference = B8DCD5DC257551590003B4D6 /* ParkingControl.app */;
			productType = "com.apple.product-type.application";
		};
		B8DCD5F42575515C0003B4D6 /* ParkingControlTests */ = {
			isa = PBXNativeTarget;
			buildConfigurationList = B8DCD60C2575515C0003B4D6 /* Build configuration list for PBXNativeTarget "ParkingControlTests" */;
			buildPhases = (
				7502AB65FD811E11FABB62A8 /* [CP] Check Pods Manifest.lock */,
				B8DCD5F12575515C0003B4D6 /* Sources */,
				B8DCD5F22575515C0003B4D6 /* Frameworks */,
				B8DCD5F32575515C0003B4D6 /* Resources */,
			);
			buildRules = (
			);
			dependencies = (
				B8DCD5F72575515C0003B4D6 /* PBXTargetDependency */,
			);
			name = ParkingControlTests;
			productName = ParkingControlTests;
			productReference = B8DCD5F52575515C0003B4D6 /* ParkingControlTests.xctest */;
			productType = "com.apple.product-type.bundle.unit-test";
		};
		B8DCD5FF2575515C0003B4D6 /* ParkingControlUITests */ = {
			isa = PBXNativeTarget;
			buildConfigurationList = B8DCD60F2575515C0003B4D6 /* Build configuration list for PBXNativeTarget "ParkingControlUITests" */;
			buildPhases = (
				91FCF975B1B61DDEB4B00BC5 /* [CP] Check Pods Manifest.lock */,
				B8DCD5FC2575515C0003B4D6 /* Sources */,
				B8DCD5FD2575515C0003B4D6 /* Frameworks */,
				B8DCD5FE2575515C0003B4D6 /* Resources */,
				2BD66CC154A7D2105A055C39 /* [CP] Embed Pods Frameworks */,
			);
			buildRules = (
			);
			dependencies = (
				B8DCD6022575515C0003B4D6 /* PBXTargetDependency */,
			);
			name = ParkingControlUITests;
			productName = ParkingControlUITests;
			productReference = B8DCD6002575515C0003B4D6 /* ParkingControlUITests.xctest */;
			productType = "com.apple.product-type.bundle.ui-testing";
		};
/* End PBXNativeTarget section */

/* Begin PBXProject section */
		B8DCD5D4257551590003B4D6 /* Project object */ = {
			isa = PBXProject;
			attributes = {
				LastSwiftUpdateCheck = 1220;
				LastUpgradeCheck = 1220;
				TargetAttributes = {
					B8DCD5DB257551590003B4D6 = {
						CreatedOnToolsVersion = 12.2;
					};
					B8DCD5F42575515C0003B4D6 = {
						CreatedOnToolsVersion = 12.2;
						TestTargetID = B8DCD5DB257551590003B4D6;
					};
					B8DCD5FF2575515C0003B4D6 = {
						CreatedOnToolsVersion = 12.2;
						TestTargetID = B8DCD5DB257551590003B4D6;
					};
				};
			};
			buildConfigurationList = B8DCD5D7257551590003B4D6 /* Build configuration list for PBXProject "ParkingControl" */;
			compatibilityVersion = "Xcode 9.3";
			developmentRegion = en;
			hasScannedForEncodings = 0;
			knownRegions = (
				en,
				Base,
			);
			mainGroup = B8DCD5D3257551590003B4D6;
			productRefGroup = B8DCD5DD257551590003B4D6 /* Products */;
			projectDirPath = "";
			projectRoot = "";
			targets = (
				B8DCD5DB257551590003B4D6 /* ParkingControl */,
				B8DCD5F42575515C0003B4D6 /* ParkingControlTests */,
				B8DCD5FF2575515C0003B4D6 /* ParkingControlUITests */,
			);
		};
/* End PBXProject section */

/* Begin PBXResourcesBuildPhase section */
		B8DCD5DA257551590003B4D6 /* Resources */ = {
			isa = PBXResourcesBuildPhase;
			buildActionMask = 2147483647;
			files = (
				B8DCD5EF2575515B0003B4D6 /* LaunchScreen.storyboard in Resources */,
				B8DCD5EC2575515B0003B4D6 /* Assets.xcassets in Resources */,
				B8DCD5E7257551590003B4D6 /* Main.storyboard in Resources */,
			);
			runOnlyForDeploymentPostprocessing = 0;
		};
		B8DCD5F32575515C0003B4D6 /* Resources */ = {
			isa = PBXResourcesBuildPhase;
			buildActionMask = 2147483647;
			files = (
			);
			runOnlyForDeploymentPostprocessing = 0;
		};
		B8DCD5FE2575515C0003B4D6 /* Resources */ = {
			isa = PBXResourcesBuildPhase;
			buildActionMask = 2147483647;
			files = (
			);
			runOnlyForDeploymentPostprocessing = 0;
		};
/* End PBXResourcesBuildPhase section */

/* Begin PBXShellScriptBuildPhase section */
		2BD66CC154A7D2105A055C39 /* [CP] Embed Pods Frameworks */ = {
			isa = PBXShellScriptBuildPhase;
			buildActionMask = 2147483647;
			files = (
			);
			inputFileListPaths = (
				"${PODS_ROOT}/Target Support Files/Pods-ParkingControl-ParkingControlUITests/Pods-ParkingControl-ParkingControlUITests-frameworks-${CONFIGURATION}-input-files.xcfilelist",
			);
			name = "[CP] Embed Pods Frameworks";
			outputFileListPaths = (
				"${PODS_ROOT}/Target Support Files/Pods-ParkingControl-ParkingControlUITests/Pods-ParkingControl-ParkingControlUITests-frameworks-${CONFIGURATION}-output-files.xcfilelist",
			);
			runOnlyForDeploymentPostprocessing = 0;
			shellPath = /bin/sh;
			shellScript = "\"${PODS_ROOT}/Target Support Files/Pods-ParkingControl-ParkingControlUITests/Pods-ParkingControl-ParkingControlUITests-frameworks.sh\"\n";
			showEnvVarsInLog = 0;
		};
		39EC5976163386777390D801 /* [CP] Embed Pods Frameworks */ = {
			isa = PBXShellScriptBuildPhase;
			buildActionMask = 2147483647;
			files = (
			);
			inputFileListPaths = (
				"${PODS_ROOT}/Target Support Files/Pods-ParkingControl/Pods-ParkingControl-frameworks-${CONFIGURATION}-input-files.xcfilelist",
			);
			name = "[CP] Embed Pods Frameworks";
			outputFileListPaths = (
				"${PODS_ROOT}/Target Support Files/Pods-ParkingControl/Pods-ParkingControl-frameworks-${CONFIGURATION}-output-files.xcfilelist",
			);
			runOnlyForDeploymentPostprocessing = 0;
			shellPath = /bin/sh;
			shellScript = "\"${PODS_ROOT}/Target Support Files/Pods-ParkingControl/Pods-ParkingControl-frameworks.sh\"\n";
			showEnvVarsInLog = 0;
		};
		59F3D73CFDECD8B4285061F8 /* [CP] Check Pods Manifest.lock */ = {
			isa = PBXShellScriptBuildPhase;
			buildActionMask = 2147483647;
			files = (
			);
			inputFileListPaths = (
			);
			inputPaths = (
				"${PODS_PODFILE_DIR_PATH}/Podfile.lock",
				"${PODS_ROOT}/Manifest.lock",
			);
			name = "[CP] Check Pods Manifest.lock";
			outputFileListPaths = (
			);
			outputPaths = (
				"$(DERIVED_FILE_DIR)/Pods-ParkingControl-checkManifestLockResult.txt",
			);
			runOnlyForDeploymentPostprocessing = 0;
			shellPath = /bin/sh;
			shellScript = "diff \"${PODS_PODFILE_DIR_PATH}/Podfile.lock\" \"${PODS_ROOT}/Manifest.lock\" > /dev/null\nif [ $? != 0 ] ; then\n    # print error to STDERR\n    echo \"error: The sandbox is not in sync with the Podfile.lock. Run 'pod install' or update your CocoaPods installation.\" >&2\n    exit 1\nfi\n# This output is used by Xcode 'outputs' to avoid re-running this script phase.\necho \"SUCCESS\" > \"${SCRIPT_OUTPUT_FILE_0}\"\n";
			showEnvVarsInLog = 0;
		};
		7502AB65FD811E11FABB62A8 /* [CP] Check Pods Manifest.lock */ = {
			isa = PBXShellScriptBuildPhase;
			buildActionMask = 2147483647;
			files = (
			);
			inputFileListPaths = (
			);
			inputPaths = (
				"${PODS_PODFILE_DIR_PATH}/Podfile.lock",
				"${PODS_ROOT}/Manifest.lock",
			);
			name = "[CP] Check Pods Manifest.lock";
			outputFileListPaths = (
			);
			outputPaths = (
				"$(DERIVED_FILE_DIR)/Pods-ParkingControlTests-checkManifestLockResult.txt",
			);
			runOnlyForDeploymentPostprocessing = 0;
			shellPath = /bin/sh;
			shellScript = "diff \"${PODS_PODFILE_DIR_PATH}/Podfile.lock\" \"${PODS_ROOT}/Manifest.lock\" > /dev/null\nif [ $? != 0 ] ; then\n    # print error to STDERR\n    echo \"error: The sandbox is not in sync with the Podfile.lock. Run 'pod install' or update your CocoaPods installation.\" >&2\n    exit 1\nfi\n# This output is used by Xcode 'outputs' to avoid re-running this script phase.\necho \"SUCCESS\" > \"${SCRIPT_OUTPUT_FILE_0}\"\n";
			showEnvVarsInLog = 0;
		};
		91FCF975B1B61DDEB4B00BC5 /* [CP] Check Pods Manifest.lock */ = {
			isa = PBXShellScriptBuildPhase;
			buildActionMask = 2147483647;
			files = (
			);
			inputFileListPaths = (
			);
			inputPaths = (
				"${PODS_PODFILE_DIR_PATH}/Podfile.lock",
				"${PODS_ROOT}/Manifest.lock",
			);
			name = "[CP] Check Pods Manifest.lock";
			outputFileListPaths = (
			);
			outputPaths = (
				"$(DERIVED_FILE_DIR)/Pods-ParkingControl-ParkingControlUITests-checkManifestLockResult.txt",
			);
			runOnlyForDeploymentPostprocessing = 0;
			shellPath = /bin/sh;
			shellScript = "diff \"${PODS_PODFILE_DIR_PATH}/Podfile.lock\" \"${PODS_ROOT}/Manifest.lock\" > /dev/null\nif [ $? != 0 ] ; then\n    # print error to STDERR\n    echo \"error: The sandbox is not in sync with the Podfile.lock. Run 'pod install' or update your CocoaPods installation.\" >&2\n    exit 1\nfi\n# This output is used by Xcode 'outputs' to avoid re-running this script phase.\necho \"SUCCESS\" > \"${SCRIPT_OUTPUT_FILE_0}\"\n";
			showEnvVarsInLog = 0;
		};
/* End PBXShellScriptBuildPhase section */

/* Begin PBXSourcesBuildPhase section */
		B8DCD5D8257551590003B4D6 /* Sources */ = {
			isa = PBXSourcesBuildPhase;
			buildActionMask = 2147483647;
			files = (
				B8FAFCF12583B169005480C8 /* TabBarViewController.swift in Sources */,
				B8FAFCEC2583ADC1005480C8 /* SettingsTableViewController.swift in Sources */,
				B85231EE25B03EF1009E9CBE /* CarInfoStore.swift in Sources */,
				B88D271025B5CF960088A6FC /* AuthorizationManager.swift in Sources */,
				B8996977259A45D4009108A6 /* UIViewController+Extensions.swift in Sources */,
				B85231E925AF38EE009E9CBE /* DateFormatter.swift in Sources */,
				B8DCD62125757FF50003B4D6 /* VehicleEntryViewController.swift in Sources */,
				B851112125923B47006C4506 /* PersistentStore.swift in Sources */,
				B8FAFCD52583A56D005480C8 /* LoginViewController.swift in Sources */,
				B8B53F5D257795F9008FD4E3 /* PickerView.swift in Sources */,
				B81556B325B23B4B00029ED0 /* VehicleEntry+CoreDataProperties.swift in Sources */,
				B81556B425B23B4B00029ED0 /* VehicleEntryImage+CoreDataClass.swift in Sources */,
				2098225525B3079E008E977F /* AppSettings.swift in Sources */,
				B81556B225B23B4B00029ED0 /* VehicleEntry+CoreDataClass.swift in Sources */,
				B8432D9B25792FD8008E8518 /* VehicleEntryPhotoViewTableViewCell.swift in Sources */,
				B80A27FB2586344600F11206 /* RequestListCell.swift in Sources */,
				B8DCD5EA257551590003B4D6 /* ParkingControl.xcdatamodeld in Sources */,
				B867CCE025AC7C5A00FB3396 /* VehicleEntryMapViewTableViewCell.swift in Sources */,
				B8FAFCDA2583A62E005480C8 /* Switcher.swift in Sources */,
				B8DCD5E0257551590003B4D6 /* AppDelegate.swift in Sources */,
				B82BF8D22581189300E546E3 /* VehicleEntryCollectionViewCell.swift in Sources */,
				B81556B525B23B4B00029ED0 /* VehicleEntryImage+CoreDataProperties.swift in Sources */,
				B8DCD5E2257551590003B4D6 /* SceneDelegate.swift in Sources */,
				B80A27F225862D8C00F11206 /* RequestsListViewController.swift in Sources */,
			);
			runOnlyForDeploymentPostprocessing = 0;
		};
		B8DCD5F12575515C0003B4D6 /* Sources */ = {
			isa = PBXSourcesBuildPhase;
			buildActionMask = 2147483647;
			files = (
				B8DCD5FA2575515C0003B4D6 /* ParkingControlTests.swift in Sources */,
			);
			runOnlyForDeploymentPostprocessing = 0;
		};
		B8DCD5FC2575515C0003B4D6 /* Sources */ = {
			isa = PBXSourcesBuildPhase;
			buildActionMask = 2147483647;
			files = (
				B8DCD6052575515C0003B4D6 /* ParkingControlUITests.swift in Sources */,
			);
			runOnlyForDeploymentPostprocessing = 0;
		};
/* End PBXSourcesBuildPhase section */

/* Begin PBXTargetDependency section */
		B8DCD5F72575515C0003B4D6 /* PBXTargetDependency */ = {
			isa = PBXTargetDependency;
			target = B8DCD5DB257551590003B4D6 /* ParkingControl */;
			targetProxy = B8DCD5F62575515C0003B4D6 /* PBXContainerItemProxy */;
		};
		B8DCD6022575515C0003B4D6 /* PBXTargetDependency */ = {
			isa = PBXTargetDependency;
			target = B8DCD5DB257551590003B4D6 /* ParkingControl */;
			targetProxy = B8DCD6012575515C0003B4D6 /* PBXContainerItemProxy */;
		};
/* End PBXTargetDependency section */

/* Begin PBXVariantGroup section */
		B8DCD5E5257551590003B4D6 /* Main.storyboard */ = {
			isa = PBXVariantGroup;
			children = (
				B8DCD5E6257551590003B4D6 /* Base */,
			);
			name = Main.storyboard;
			sourceTree = "<group>";
		};
		B8DCD5ED2575515B0003B4D6 /* LaunchScreen.storyboard */ = {
			isa = PBXVariantGroup;
			children = (
				B8DCD5EE2575515B0003B4D6 /* Base */,
			);
			name = LaunchScreen.storyboard;
			sourceTree = "<group>";
		};
/* End PBXVariantGroup section */

/* Begin XCBuildConfiguration section */
		B8DCD6072575515C0003B4D6 /* Debug */ = {
			isa = XCBuildConfiguration;
			buildSettings = {
				ALWAYS_SEARCH_USER_PATHS = NO;
				CLANG_ANALYZER_NONNULL = YES;
				CLANG_ANALYZER_NUMBER_OBJECT_CONVERSION = YES_AGGRESSIVE;
				CLANG_CXX_LANGUAGE_STANDARD = "gnu++14";
				CLANG_CXX_LIBRARY = "libc++";
				CLANG_ENABLE_MODULES = YES;
				CLANG_ENABLE_OBJC_ARC = YES;
				CLANG_ENABLE_OBJC_WEAK = YES;
				CLANG_WARN_BLOCK_CAPTURE_AUTORELEASING = YES;
				CLANG_WARN_BOOL_CONVERSION = YES;
				CLANG_WARN_COMMA = YES;
				CLANG_WARN_CONSTANT_CONVERSION = YES;
				CLANG_WARN_DEPRECATED_OBJC_IMPLEMENTATIONS = YES;
				CLANG_WARN_DIRECT_OBJC_ISA_USAGE = YES_ERROR;
				CLANG_WARN_DOCUMENTATION_COMMENTS = YES;
				CLANG_WARN_EMPTY_BODY = YES;
				CLANG_WARN_ENUM_CONVERSION = YES;
				CLANG_WARN_INFINITE_RECURSION = YES;
				CLANG_WARN_INT_CONVERSION = YES;
				CLANG_WARN_NON_LITERAL_NULL_CONVERSION = YES;
				CLANG_WARN_OBJC_IMPLICIT_RETAIN_SELF = YES;
				CLANG_WARN_OBJC_LITERAL_CONVERSION = YES;
				CLANG_WARN_OBJC_ROOT_CLASS = YES_ERROR;
				CLANG_WARN_QUOTED_INCLUDE_IN_FRAMEWORK_HEADER = YES;
				CLANG_WARN_RANGE_LOOP_ANALYSIS = YES;
				CLANG_WARN_STRICT_PROTOTYPES = YES;
				CLANG_WARN_SUSPICIOUS_MOVE = YES;
				CLANG_WARN_UNGUARDED_AVAILABILITY = YES_AGGRESSIVE;
				CLANG_WARN_UNREACHABLE_CODE = YES;
				CLANG_WARN__DUPLICATE_METHOD_MATCH = YES;
				COPY_PHASE_STRIP = NO;
				DEBUG_INFORMATION_FORMAT = dwarf;
				ENABLE_STRICT_OBJC_MSGSEND = YES;
				ENABLE_TESTABILITY = YES;
				GCC_C_LANGUAGE_STANDARD = gnu11;
				GCC_DYNAMIC_NO_PIC = NO;
				GCC_NO_COMMON_BLOCKS = YES;
				GCC_OPTIMIZATION_LEVEL = 0;
				GCC_PREPROCESSOR_DEFINITIONS = (
					"DEBUG=1",
					"$(inherited)",
				);
				GCC_WARN_64_TO_32_BIT_CONVERSION = YES;
				GCC_WARN_ABOUT_RETURN_TYPE = YES_ERROR;
				GCC_WARN_UNDECLARED_SELECTOR = YES;
				GCC_WARN_UNINITIALIZED_AUTOS = YES_AGGRESSIVE;
				GCC_WARN_UNUSED_FUNCTION = YES;
				GCC_WARN_UNUSED_VARIABLE = YES;
				IPHONEOS_DEPLOYMENT_TARGET = 14.2;
				MTL_ENABLE_DEBUG_INFO = INCLUDE_SOURCE;
				MTL_FAST_MATH = YES;
				ONLY_ACTIVE_ARCH = YES;
				SDKROOT = iphoneos;
				SWIFT_ACTIVE_COMPILATION_CONDITIONS = DEBUG;
				SWIFT_OPTIMIZATION_LEVEL = "-Onone";
			};
			name = Debug;
		};
		B8DCD6082575515C0003B4D6 /* Release */ = {
			isa = XCBuildConfiguration;
			buildSettings = {
				ALWAYS_SEARCH_USER_PATHS = NO;
				CLANG_ANALYZER_NONNULL = YES;
				CLANG_ANALYZER_NUMBER_OBJECT_CONVERSION = YES_AGGRESSIVE;
				CLANG_CXX_LANGUAGE_STANDARD = "gnu++14";
				CLANG_CXX_LIBRARY = "libc++";
				CLANG_ENABLE_MODULES = YES;
				CLANG_ENABLE_OBJC_ARC = YES;
				CLANG_ENABLE_OBJC_WEAK = YES;
				CLANG_WARN_BLOCK_CAPTURE_AUTORELEASING = YES;
				CLANG_WARN_BOOL_CONVERSION = YES;
				CLANG_WARN_COMMA = YES;
				CLANG_WARN_CONSTANT_CONVERSION = YES;
				CLANG_WARN_DEPRECATED_OBJC_IMPLEMENTATIONS = YES;
				CLANG_WARN_DIRECT_OBJC_ISA_USAGE = YES_ERROR;
				CLANG_WARN_DOCUMENTATION_COMMENTS = YES;
				CLANG_WARN_EMPTY_BODY = YES;
				CLANG_WARN_ENUM_CONVERSION = YES;
				CLANG_WARN_INFINITE_RECURSION = YES;
				CLANG_WARN_INT_CONVERSION = YES;
				CLANG_WARN_NON_LITERAL_NULL_CONVERSION = YES;
				CLANG_WARN_OBJC_IMPLICIT_RETAIN_SELF = YES;
				CLANG_WARN_OBJC_LITERAL_CONVERSION = YES;
				CLANG_WARN_OBJC_ROOT_CLASS = YES_ERROR;
				CLANG_WARN_QUOTED_INCLUDE_IN_FRAMEWORK_HEADER = YES;
				CLANG_WARN_RANGE_LOOP_ANALYSIS = YES;
				CLANG_WARN_STRICT_PROTOTYPES = YES;
				CLANG_WARN_SUSPICIOUS_MOVE = YES;
				CLANG_WARN_UNGUARDED_AVAILABILITY = YES_AGGRESSIVE;
				CLANG_WARN_UNREACHABLE_CODE = YES;
				CLANG_WARN__DUPLICATE_METHOD_MATCH = YES;
				COPY_PHASE_STRIP = NO;
				DEBUG_INFORMATION_FORMAT = "dwarf-with-dsym";
				ENABLE_NS_ASSERTIONS = NO;
				ENABLE_STRICT_OBJC_MSGSEND = YES;
				GCC_C_LANGUAGE_STANDARD = gnu11;
				GCC_NO_COMMON_BLOCKS = YES;
				GCC_WARN_64_TO_32_BIT_CONVERSION = YES;
				GCC_WARN_ABOUT_RETURN_TYPE = YES_ERROR;
				GCC_WARN_UNDECLARED_SELECTOR = YES;
				GCC_WARN_UNINITIALIZED_AUTOS = YES_AGGRESSIVE;
				GCC_WARN_UNUSED_FUNCTION = YES;
				GCC_WARN_UNUSED_VARIABLE = YES;
				IPHONEOS_DEPLOYMENT_TARGET = 14.2;
				MTL_ENABLE_DEBUG_INFO = NO;
				MTL_FAST_MATH = YES;
				SDKROOT = iphoneos;
				SWIFT_COMPILATION_MODE = wholemodule;
				SWIFT_OPTIMIZATION_LEVEL = "-O";
				VALIDATE_PRODUCT = YES;
			};
			name = Release;
		};
		B8DCD60A2575515C0003B4D6 /* Debug */ = {
			isa = XCBuildConfiguration;
			baseConfigurationReference = 4D9DDA2A59135AF56C8970A8 /* Pods-ParkingControl.debug.xcconfig */;
			buildSettings = {
				ALWAYS_EMBED_SWIFT_STANDARD_LIBRARIES = "$(inherited)";
				ASSETCATALOG_COMPILER_APPICON_NAME = AppIcon;
				ASSETCATALOG_COMPILER_GLOBAL_ACCENT_COLOR_NAME = AccentColor;
				CODE_SIGN_STYLE = Automatic;
				DEVELOPMENT_TEAM = 5AD9J4WV4U;
				INFOPLIST_FILE = ParkingControl/Resources/Info.plist;
				LD_RUNPATH_SEARCH_PATHS = (
					"$(inherited)",
					"@executable_path/Frameworks",
				);
				PRODUCT_BUNDLE_IDENTIFIER = BAES.ParkingControl;
				PRODUCT_NAME = "$(TARGET_NAME)";
				SWIFT_VERSION = 5.0;
				TARGETED_DEVICE_FAMILY = "1,2";
			};
			name = Debug;
		};
		B8DCD60B2575515C0003B4D6 /* Release */ = {
			isa = XCBuildConfiguration;
			baseConfigurationReference = FC8FE818CB3B44CFF019F1F2 /* Pods-ParkingControl.release.xcconfig */;
			buildSettings = {
				ALWAYS_EMBED_SWIFT_STANDARD_LIBRARIES = "$(inherited)";
				ASSETCATALOG_COMPILER_APPICON_NAME = AppIcon;
				ASSETCATALOG_COMPILER_GLOBAL_ACCENT_COLOR_NAME = AccentColor;
				CODE_SIGN_STYLE = Automatic;
				DEVELOPMENT_TEAM = 5AD9J4WV4U;
				INFOPLIST_FILE = ParkingControl/Resources/Info.plist;
				LD_RUNPATH_SEARCH_PATHS = (
					"$(inherited)",
					"@executable_path/Frameworks",
				);
				PRODUCT_BUNDLE_IDENTIFIER = BAES.ParkingControl;
				PRODUCT_NAME = "$(TARGET_NAME)";
				SWIFT_VERSION = 5.0;
				TARGETED_DEVICE_FAMILY = "1,2";
			};
			name = Release;
		};
		B8DCD60D2575515C0003B4D6 /* Debug */ = {
			isa = XCBuildConfiguration;
			baseConfigurationReference = DB0CF7C3FE90C7B7DAE288C0 /* Pods-ParkingControlTests.debug.xcconfig */;
			buildSettings = {
				ALWAYS_EMBED_SWIFT_STANDARD_LIBRARIES = YES;
				BUNDLE_LOADER = "$(TEST_HOST)";
				CODE_SIGN_STYLE = Automatic;
				DEVELOPMENT_TEAM = 5AD9J4WV4U;
				INFOPLIST_FILE = ParkingControlTests/Info.plist;
				IPHONEOS_DEPLOYMENT_TARGET = 14.2;
				LD_RUNPATH_SEARCH_PATHS = (
					"$(inherited)",
					"@executable_path/Frameworks",
					"@loader_path/Frameworks",
				);
				PRODUCT_BUNDLE_IDENTIFIER = BAES.ParkingControlTests;
				PRODUCT_NAME = "$(TARGET_NAME)";
				SWIFT_VERSION = 5.0;
				TARGETED_DEVICE_FAMILY = "1,2";
				TEST_HOST = "$(BUILT_PRODUCTS_DIR)/ParkingControl.app/ParkingControl";
			};
			name = Debug;
		};
		B8DCD60E2575515C0003B4D6 /* Release */ = {
			isa = XCBuildConfiguration;
			baseConfigurationReference = 96846409AD6A63E45541340E /* Pods-ParkingControlTests.release.xcconfig */;
			buildSettings = {
				ALWAYS_EMBED_SWIFT_STANDARD_LIBRARIES = YES;
				BUNDLE_LOADER = "$(TEST_HOST)";
				CODE_SIGN_STYLE = Automatic;
				DEVELOPMENT_TEAM = 5AD9J4WV4U;
				INFOPLIST_FILE = ParkingControlTests/Info.plist;
				IPHONEOS_DEPLOYMENT_TARGET = 14.2;
				LD_RUNPATH_SEARCH_PATHS = (
					"$(inherited)",
					"@executable_path/Frameworks",
					"@loader_path/Frameworks",
				);
				PRODUCT_BUNDLE_IDENTIFIER = BAES.ParkingControlTests;
				PRODUCT_NAME = "$(TARGET_NAME)";
				SWIFT_VERSION = 5.0;
				TARGETED_DEVICE_FAMILY = "1,2";
				TEST_HOST = "$(BUILT_PRODUCTS_DIR)/ParkingControl.app/ParkingControl";
			};
			name = Release;
		};
		B8DCD6102575515C0003B4D6 /* Debug */ = {
			isa = XCBuildConfiguration;
			baseConfigurationReference = 727CE33363294641E77BF44B /* Pods-ParkingControl-ParkingControlUITests.debug.xcconfig */;
			buildSettings = {
				ALWAYS_EMBED_SWIFT_STANDARD_LIBRARIES = "$(inherited)";
				CODE_SIGN_STYLE = Automatic;
				DEVELOPMENT_TEAM = 5AD9J4WV4U;
				INFOPLIST_FILE = ParkingControlUITests/Info.plist;
				LD_RUNPATH_SEARCH_PATHS = (
					"$(inherited)",
					"@executable_path/Frameworks",
					"@loader_path/Frameworks",
				);
				PRODUCT_BUNDLE_IDENTIFIER = BAES.ParkingControlUITests;
				PRODUCT_NAME = "$(TARGET_NAME)";
				SWIFT_VERSION = 5.0;
				TARGETED_DEVICE_FAMILY = "1,2";
				TEST_TARGET_NAME = ParkingControl;
			};
			name = Debug;
		};
		B8DCD6112575515C0003B4D6 /* Release */ = {
			isa = XCBuildConfiguration;
			baseConfigurationReference = DDBF32FDE0F32399CF08EFE5 /* Pods-ParkingControl-ParkingControlUITests.release.xcconfig */;
			buildSettings = {
				ALWAYS_EMBED_SWIFT_STANDARD_LIBRARIES = "$(inherited)";
				CODE_SIGN_STYLE = Automatic;
				DEVELOPMENT_TEAM = 5AD9J4WV4U;
				INFOPLIST_FILE = ParkingControlUITests/Info.plist;
				LD_RUNPATH_SEARCH_PATHS = (
					"$(inherited)",
					"@executable_path/Frameworks",
					"@loader_path/Frameworks",
				);
				PRODUCT_BUNDLE_IDENTIFIER = BAES.ParkingControlUITests;
				PRODUCT_NAME = "$(TARGET_NAME)";
				SWIFT_VERSION = 5.0;
				TARGETED_DEVICE_FAMILY = "1,2";
				TEST_TARGET_NAME = ParkingControl;
			};
			name = Release;
		};
/* End XCBuildConfiguration section */

/* Begin XCConfigurationList section */
		B8DCD5D7257551590003B4D6 /* Build configuration list for PBXProject "ParkingControl" */ = {
			isa = XCConfigurationList;
			buildConfigurations = (
				B8DCD6072575515C0003B4D6 /* Debug */,
				B8DCD6082575515C0003B4D6 /* Release */,
			);
			defaultConfigurationIsVisible = 0;
			defaultConfigurationName = Release;
		};
		B8DCD6092575515C0003B4D6 /* Build configuration list for PBXNativeTarget "ParkingControl" */ = {
			isa = XCConfigurationList;
			buildConfigurations = (
				B8DCD60A2575515C0003B4D6 /* Debug */,
				B8DCD60B2575515C0003B4D6 /* Release */,
			);
			defaultConfigurationIsVisible = 0;
			defaultConfigurationName = Release;
		};
		B8DCD60C2575515C0003B4D6 /* Build configuration list for PBXNativeTarget "ParkingControlTests" */ = {
			isa = XCConfigurationList;
			buildConfigurations = (
				B8DCD60D2575515C0003B4D6 /* Debug */,
				B8DCD60E2575515C0003B4D6 /* Release */,
			);
			defaultConfigurationIsVisible = 0;
			defaultConfigurationName = Release;
		};
		B8DCD60F2575515C0003B4D6 /* Build configuration list for PBXNativeTarget "ParkingControlUITests" */ = {
			isa = XCConfigurationList;
			buildConfigurations = (
				B8DCD6102575515C0003B4D6 /* Debug */,
				B8DCD6112575515C0003B4D6 /* Release */,
			);
			defaultConfigurationIsVisible = 0;
			defaultConfigurationName = Release;
		};
/* End XCConfigurationList section */

/* Begin XCVersionGroup section */
		B8DCD5E8257551590003B4D6 /* ParkingControl.xcdatamodeld */ = {
			isa = XCVersionGroup;
			children = (
				B8DCD5E9257551590003B4D6 /* ParkingControl.xcdatamodel */,
			);
			currentVersion = B8DCD5E9257551590003B4D6 /* ParkingControl.xcdatamodel */;
			path = ParkingControl.xcdatamodeld;
			sourceTree = "<group>";
			versionGroupType = wrapper.xcdatamodel;
		};
/* End XCVersionGroup section */
	};
	rootObject = B8DCD5D4257551590003B4D6 /* Project object */;
}
